
Microsoft Visual Studio Solution File, Format Version 11.00
# Visual Studio 2010
Project("{FAE04EC0-301F-11D3-BF4B-00C04F79EFBC}") = "GridToGo", "GridToGo\GridToGo.csproj", "{138B5212-07F1-4941-BCAF-16EFDC67AE13}"
EndProject
Project("{2150E333-8FDC-42A3-9474-1A3956D46DE8}") = "Solution Items", "Solution Items", "{7A483F5D-479B-415E-807C-95191857DC8B}"
	ProjectSection(SolutionItems) = preProject
		LICENSE.txt = LICENSE.txt
		README.md = README.md
		windows-dev-setup.txt = windows-dev-setup.txt
	EndProjectSection
EndProject
Global
	GlobalSection(SolutionConfigurationPlatforms) = preSolution
		Debug|x86 = Debug|x86
		Release|x86 = Release|x86
	EndGlobalSection
	GlobalSection(ProjectConfigurationPlatforms) = postSolution
		{138B5212-07F1-4941-BCAF-16EFDC67AE13}.Debug|x86.ActiveCfg = Debug|x86
		{138B5212-07F1-4941-BCAF-16EFDC67AE13}.Debug|x86.Build.0 = Debug|x86
		{138B5212-07F1-4941-BCAF-16EFDC67AE13}.Release|x86.ActiveCfg = Release|x86
		{138B5212-07F1-4941-BCAF-16EFDC67AE13}.Release|x86.Build.0 = Release|x86
	EndGlobalSection
	GlobalSection(SolutionProperties) = preSolution
		HideSolutionNode = FALSE
	EndGlobalSection
EndGlobal
